
Microsoft Visual Studio Solution File, Format Version 12.00
# Visual Studio Version 16
VisualStudioVersion = 16.0.33529.622
MinimumVisualStudioVersion = 10.0.40219.1
Project("{FAE04EC0-301F-11D3-BF4B-00C04F79EFBC}") = "SalesMVC", "SalesMVC\SalesMVC.csproj", "{DF0BD3DC-A90B-42A0-A141-AAD5EBC96C87}"
EndProject
Global
	GlobalSection(SolutionConfigurationPlatforms) = preSolution
		Debug|Any CPU = Debug|Any CPU
		Release|Any CPU = Release|Any CPU
	EndGlobalSection
	GlobalSection(ProjectConfigurationPlatforms) = postSolution
		{DF0BD3DC-A90B-42A0-A141-AAD5EBC96C87}.Debug|Any CPU.ActiveCfg = Debug|Any CPU
		{DF0BD3DC-A90B-42A0-A141-AAD5EBC96C87}.Debug|Any CPU.Build.0 = Debug|Any CPU
		{DF0BD3DC-A90B-42A0-A141-AAD5EBC96C87}.Release|Any CPU.ActiveCfg = Release|Any CPU
		{DF0BD3DC-A90B-42A0-A141-AAD5EBC96C87}.Release|Any CPU.Build.0 = Release|Any CPU
	EndGlobalSection
	GlobalSection(SolutionProperties) = preSolution
		HideSolutionNode = FALSE
	EndGlobalSection
	GlobalSection(ExtensibilityGlobals) = postSolution
		SolutionGuid = {CAD0ABAE-C74C-4B1B-9E92-B89162DAD221}
	EndGlobalSection
EndGlobal
